// !$*UTF8*$!
{
	archiveVersion = 1;
	classes = {
	};
	objectVersion = 50;
	objects = {

/* Begin PBXBuildFile section */
		DC4D67BF2564609B00A90329 /* SimpleHeaderView.swift in Sources */ = {isa = PBXBuildFile; fileRef = DC4D67BE2564609B00A90329 /* SimpleHeaderView.swift */; };
		DC4D685D2565A52300A90329 /* LazyGridViewController.swift in Sources */ = {isa = PBXBuildFile; fileRef = DC4D685C2565A52300A90329 /* LazyGridViewController.swift */; };
		DC59B001256969EE00C5E260 /* UICollectionViewCompositionalLayout+Extension.swift in Sources */ = {isa = PBXBuildFile; fileRef = DC59B000256969EE00C5E260 /* UICollectionViewCompositionalLayout+Extension.swift */; };
		DCBE48432561253A00341818 /* ColorsSnapshot+Extension.swift in Sources */ = {isa = PBXBuildFile; fileRef = DCBE48422561253A00341818 /* ColorsSnapshot+Extension.swift */; };
		DCBE4846256126A200341818 /* SimpleGridViewController.swift in Sources */ = {isa = PBXBuildFile; fileRef = DCBE4845256126A200341818 /* SimpleGridViewController.swift */; };
		DCBE4849256126D000341818 /* CompositionalCollectionViewViewController.swift in Sources */ = {isa = PBXBuildFile; fileRef = DCBE4848256126D000341818 /* CompositionalCollectionViewViewController.swift */; };
		DCD979CB255F2252002E2BD3 /* AppDelegate.swift in Sources */ = {isa = PBXBuildFile; fileRef = DCD979CA255F2252002E2BD3 /* AppDelegate.swift */; };
		DCD979CD255F2252002E2BD3 /* SceneDelegate.swift in Sources */ = {isa = PBXBuildFile; fileRef = DCD979CC255F2252002E2BD3 /* SceneDelegate.swift */; };
		DCD979CF255F2252002E2BD3 /* ViewController.swift in Sources */ = {isa = PBXBuildFile; fileRef = DCD979CE255F2252002E2BD3 /* ViewController.swift */; };
		DCD979D2255F2252002E2BD3 /* Main.storyboard in Resources */ = {isa = PBXBuildFile; fileRef = DCD979D0255F2252002E2BD3 /* Main.storyboard */; };
		DCD979D4255F2254002E2BD3 /* Assets.xcassets in Resources */ = {isa = PBXBuildFile; fileRef = DCD979D3255F2254002E2BD3 /* Assets.xcassets */; };
		DCD979D7255F2254002E2BD3 /* LaunchScreen.storyboard in Resources */ = {isa = PBXBuildFile; fileRef = DCD979D5255F2254002E2BD3 /* LaunchScreen.storyboard */; };
		DCD979E3255F2779002E2BD3 /* NSDirectionalEdgeInsets+Extension.swift in Sources */ = {isa = PBXBuildFile; fileRef = DCD979E2255F2779002E2BD3 /* NSDirectionalEdgeInsets+Extension.swift */; };
		DCD979E7255F2B7B002E2BD3 /* UIColor+Extension.swift in Sources */ = {isa = PBXBuildFile; fileRef = DCD979E6255F2B7B002E2BD3 /* UIColor+Extension.swift */; };
		DCD979EA255F2BBF002E2BD3 /* NSCollectionLayoutItem+Extension.swift in Sources */ = {isa = PBXBuildFile; fileRef = DCD979E9255F2BBF002E2BD3 /* NSCollectionLayoutItem+Extension.swift */; };
		DCD979EE255F3189002E2BD3 /* ColorCell.swift in Sources */ = {isa = PBXBuildFile; fileRef = DCD979ED255F3189002E2BD3 /* ColorCell.swift */; };
		DCD979F2256051C0002E2BD3 /* ListViewController.swift in Sources */ = {isa = PBXBuildFile; fileRef = DCD979F1256051C0002E2BD3 /* ListViewController.swift */; };
		DCD979F52560527A002E2BD3 /* NSCollectionLayoutSection+Extension.swift in Sources */ = {isa = PBXBuildFile; fileRef = DCD979F42560527A002E2BD3 /* NSCollectionLayoutSection+Extension.swift */; };
		DCD979F925607701002E2BD3 /* ColoredDiffableDatasource.swift in Sources */ = {isa = PBXBuildFile; fileRef = DCD979F825607701002E2BD3 /* ColoredDiffableDatasource.swift */; };
		DCD979FD256120DF002E2BD3 /* LayoutTypeCell.swift in Sources */ = {isa = PBXBuildFile; fileRef = DCD979FB256120DF002E2BD3 /* LayoutTypeCell.swift */; };
		DCD979FE256120DF002E2BD3 /* LayoutTypeCell.xib in Resources */ = {isa = PBXBuildFile; fileRef = DCD979FC256120DF002E2BD3 /* LayoutTypeCell.xib */; };
		DCD97A012561215D002E2BD3 /* UICollectionCell+Extension.swift in Sources */ = {isa = PBXBuildFile; fileRef = DCD97A002561215D002E2BD3 /* UICollectionCell+Extension.swift */; };
		DCD97A0625612204002E2BD3 /* LayoutType.swift in Sources */ = {isa = PBXBuildFile; fileRef = DCD97A0525612204002E2BD3 /* LayoutType.swift */; };
		DCD97A0A25612324002E2BD3 /* RoundedCornersCollectionCell.swift in Sources */ = {isa = PBXBuildFile; fileRef = DCD97A0925612324002E2BD3 /* RoundedCornersCollectionCell.swift */; };
/* End PBXBuildFile section */

/* Begin PBXFileReference section */
		DC4D67BE2564609B00A90329 /* SimpleHeaderView.swift */ = {isa = PBXFileReference; lastKnownFileType = sourcecode.swift; path = SimpleHeaderView.swift; sourceTree = "<group>"; };
		DC4D685C2565A52300A90329 /* LazyGridViewController.swift */ = {isa = PBXFileReference; lastKnownFileType = sourcecode.swift; path = LazyGridViewController.swift; sourceTree = "<group>"; };
		DC59B000256969EE00C5E260 /* UICollectionViewCompositionalLayout+Extension.swift */ = {isa = PBXFileReference; lastKnownFileType = sourcecode.swift; path = "UICollectionViewCompositionalLayout+Extension.swift"; sourceTree = "<group>"; };
		DCBE48422561253A00341818 /* ColorsSnapshot+Extension.swift */ = {isa = PBXFileReference; lastKnownFileType = sourcecode.swift; path = "ColorsSnapshot+Extension.swift"; sourceTree = "<group>"; };
		DCBE4845256126A200341818 /* SimpleGridViewController.swift */ = {isa = PBXFileReference; lastKnownFileType = sourcecode.swift; path = SimpleGridViewController.swift; sourceTree = "<group>"; };
		DCBE4848256126D000341818 /* CompositionalCollectionViewViewController.swift */ = {isa = PBXFileReference; lastKnownFileType = sourcecode.swift; path = CompositionalCollectionViewViewController.swift; sourceTree = "<group>"; };
		DCD979C7255F2252002E2BD3 /* CompositionalDiffablePlayground.app */ = {isa = PBXFileReference; explicitFileType = wrapper.application; includeInIndex = 0; path = CompositionalDiffablePlayground.app; sourceTree = BUILT_PRODUCTS_DIR; };
		DCD979CA255F2252002E2BD3 /* AppDelegate.swift */ = {isa = PBXFileReference; lastKnownFileType = sourcecode.swift; path = AppDelegate.swift; sourceTree = "<group>"; };
		DCD979CC255F2252002E2BD3 /* SceneDelegate.swift */ = {isa = PBXFileReference; lastKnownFileType = sourcecode.swift; path = SceneDelegate.swift; sourceTree = "<group>"; };
		DCD979CE255F2252002E2BD3 /* ViewController.swift */ = {isa = PBXFileReference; lastKnownFileType = sourcecode.swift; path = ViewController.swift; sourceTree = "<group>"; };
		DCD979D1255F2252002E2BD3 /* Base */ = {isa = PBXFileReference; lastKnownFileType = file.storyboard; name = Base; path = Base.lproj/Main.storyboard; sourceTree = "<group>"; };
		DCD979D3255F2254002E2BD3 /* Assets.xcassets */ = {isa = PBXFileReference; lastKnownFileType = folder.assetcatalog; path = Assets.xcassets; sourceTree = "<group>"; };
		DCD979D6255F2254002E2BD3 /* Base */ = {isa = PBXFileReference; lastKnownFileType = file.storyboard; name = Base; path = Base.lproj/LaunchScreen.storyboard; sourceTree = "<group>"; };
		DCD979D8255F2254002E2BD3 /* Info.plist */ = {isa = PBXFileReference; lastKnownFileType = text.plist.xml; path = Info.plist; sourceTree = "<group>"; };
		DCD979E2255F2779002E2BD3 /* NSDirectionalEdgeInsets+Extension.swift */ = {isa = PBXFileReference; lastKnownFileType = sourcecode.swift; path = "NSDirectionalEdgeInsets+Extension.swift"; sourceTree = "<group>"; };
		DCD979E6255F2B7B002E2BD3 /* UIColor+Extension.swift */ = {isa = PBXFileReference; lastKnownFileType = sourcecode.swift; path = "UIColor+Extension.swift"; sourceTree = "<group>"; };
		DCD979E9255F2BBF002E2BD3 /* NSCollectionLayoutItem+Extension.swift */ = {isa = PBXFileReference; lastKnownFileType = sourcecode.swift; path = "NSCollectionLayoutItem+Extension.swift"; sourceTree = "<group>"; };
		DCD979ED255F3189002E2BD3 /* ColorCell.swift */ = {isa = PBXFileReference; lastKnownFileType = sourcecode.swift; path = ColorCell.swift; sourceTree = "<group>"; };
		DCD979F1256051C0002E2BD3 /* ListViewController.swift */ = {isa = PBXFileReference; lastKnownFileType = sourcecode.swift; path = ListViewController.swift; sourceTree = "<group>"; };
		DCD979F42560527A002E2BD3 /* NSCollectionLayoutSection+Extension.swift */ = {isa = PBXFileReference; lastKnownFileType = sourcecode.swift; path = "NSCollectionLayoutSection+Extension.swift"; sourceTree = "<group>"; };
		DCD979F825607701002E2BD3 /* ColoredDiffableDatasource.swift */ = {isa = PBXFileReference; lastKnownFileType = sourcecode.swift; path = ColoredDiffableDatasource.swift; sourceTree = "<group>"; };
		DCD979FB256120DF002E2BD3 /* LayoutTypeCell.swift */ = {isa = PBXFileReference; lastKnownFileType = sourcecode.swift; path = LayoutTypeCell.swift; sourceTree = "<group>"; };
		DCD979FC256120DF002E2BD3 /* LayoutTypeCell.xib */ = {isa = PBXFileReference; lastKnownFileType = file.xib; path = LayoutTypeCell.xib; sourceTree = "<group>"; };
		DCD97A002561215D002E2BD3 /* UICollectionCell+Extension.swift */ = {isa = PBXFileReference; lastKnownFileType = sourcecode.swift; path = "UICollectionCell+Extension.swift"; sourceTree = "<group>"; };
		DCD97A0525612204002E2BD3 /* LayoutType.swift */ = {isa = PBXFileReference; lastKnownFileType = sourcecode.swift; path = LayoutType.swift; sourceTree = "<group>"; };
		DCD97A0925612324002E2BD3 /* RoundedCornersCollectionCell.swift */ = {isa = PBXFileReference; lastKnownFileType = sourcecode.swift; path = RoundedCornersCollectionCell.swift; sourceTree = "<group>"; };
/* End PBXFileReference section */

/* Begin PBXFrameworksBuildPhase section */
		DCD979C4255F2252002E2BD3 /* Frameworks */ = {
			isa = PBXFrameworksBuildPhase;
			buildActionMask = 2147483647;
			files = (
			);
			runOnlyForDeploymentPostprocessing = 0;
		};
/* End PBXFrameworksBuildPhase section */

/* Begin PBXGroup section */
		DCD979BE255F2252002E2BD3 = {
			isa = PBXGroup;
			children = (
				DCD979C9255F2252002E2BD3 /* CompositionalDiffablePlayground */,
				DCD979C8255F2252002E2BD3 /* Products */,
			);
			sourceTree = "<group>";
		};
		DCD979C8255F2252002E2BD3 /* Products */ = {
			isa = PBXGroup;
			children = (
				DCD979C7255F2252002E2BD3 /* CompositionalDiffablePlayground.app */,
			);
			name = Products;
			sourceTree = "<group>";
		};
		DCD979C9255F2252002E2BD3 /* CompositionalDiffablePlayground */ = {
			isa = PBXGroup;
			children = (
				DCD97A04256121FA002E2BD3 /* Model */,
				DCD979F7256076F4002E2BD3 /* DataSources */,
				DCD979F0256051B2002E2BD3 /* ViewControllers */,
				DCD979EC255F3177002E2BD3 /* Views */,
				DCD979E1255F276D002E2BD3 /* Extensions */,
				DCD979CA255F2252002E2BD3 /* AppDelegate.swift */,
				DCD979CC255F2252002E2BD3 /* SceneDelegate.swift */,
				DCD979D0255F2252002E2BD3 /* Main.storyboard */,
				DCD979D3255F2254002E2BD3 /* Assets.xcassets */,
				DCD979D5255F2254002E2BD3 /* LaunchScreen.storyboard */,
				DCD979D8255F2254002E2BD3 /* Info.plist */,
			);
			path = CompositionalDiffablePlayground;
			sourceTree = "<group>";
		};
		DCD979E1255F276D002E2BD3 /* Extensions */ = {
			isa = PBXGroup;
			children = (
				DCD979E2255F2779002E2BD3 /* NSDirectionalEdgeInsets+Extension.swift */,
				DCD979E6255F2B7B002E2BD3 /* UIColor+Extension.swift */,
				DCD979E9255F2BBF002E2BD3 /* NSCollectionLayoutItem+Extension.swift */,
				DCD979F42560527A002E2BD3 /* NSCollectionLayoutSection+Extension.swift */,
				DCD97A002561215D002E2BD3 /* UICollectionCell+Extension.swift */,
				DCBE48422561253A00341818 /* ColorsSnapshot+Extension.swift */,
				DC59B000256969EE00C5E260 /* UICollectionViewCompositionalLayout+Extension.swift */,
			);
			path = Extensions;
			sourceTree = "<group>";
		};
		DCD979EC255F3177002E2BD3 /* Views */ = {
			isa = PBXGroup;
			children = (
				DCD979ED255F3189002E2BD3 /* ColorCell.swift */,
				DCD979FB256120DF002E2BD3 /* LayoutTypeCell.swift */,
				DCD979FC256120DF002E2BD3 /* LayoutTypeCell.xib */,
				DCD97A0925612324002E2BD3 /* RoundedCornersCollectionCell.swift */,
				DC4D67BE2564609B00A90329 /* SimpleHeaderView.swift */,
			);
			path = Views;
			sourceTree = "<group>";
		};
		DCD979F0256051B2002E2BD3 /* ViewControllers */ = {
			isa = PBXGroup;
			children = (
				DCD979CE255F2252002E2BD3 /* ViewController.swift */,
				DCD979F1256051C0002E2BD3 /* ListViewController.swift */,
				DCBE4845256126A200341818 /* SimpleGridViewController.swift */,
				DCBE4848256126D000341818 /* CompositionalCollectionViewViewController.swift */,
				DC4D685C2565A52300A90329 /* LazyGridViewController.swift */,
			);
			path = ViewControllers;
			sourceTree = "<group>";
		};
		DCD979F7256076F4002E2BD3 /* DataSources */ = {
			isa = PBXGroup;
			children = (
				DCD979F825607701002E2BD3 /* ColoredDiffableDatasource.swift */,
			);
			path = DataSources;
			sourceTree = "<group>";
		};
		DCD97A04256121FA002E2BD3 /* Model */ = {
			isa = PBXGroup;
			children = (
				DCD97A0525612204002E2BD3 /* LayoutType.swift */,
			);
			path = Model;
			sourceTree = "<group>";
		};
/* End PBXGroup section */

/* Begin PBXNativeTarget section */
		DCD979C6255F2252002E2BD3 /* CompositionalDiffablePlayground */ = {
			isa = PBXNativeTarget;
			buildConfigurationList = DCD979DB255F2254002E2BD3 /* Build configuration list for PBXNativeTarget "CompositionalDiffablePlayground" */;
			buildPhases = (
				DCD979C3255F2252002E2BD3 /* Sources */,
				DCD979C4255F2252002E2BD3 /* Frameworks */,
				DCD979C5255F2252002E2BD3 /* Resources */,
			);
			buildRules = (
			);
			dependencies = (
			);
			name = CompositionalDiffablePlayground;
			productName = CompositionalDiffablePlayground;
			productReference = DCD979C7255F2252002E2BD3 /* CompositionalDiffablePlayground.app */;
			productType = "com.apple.product-type.application";
		};
/* End PBXNativeTarget section */

/* Begin PBXProject section */
		DCD979BF255F2252002E2BD3 /* Project object */ = {
			isa = PBXProject;
			attributes = {
				LastSwiftUpdateCheck = 1200;
				LastUpgradeCheck = 1200;
				TargetAttributes = {
					DCD979C6255F2252002E2BD3 = {
						CreatedOnToolsVersion = 12.0.1;
					};
				};
			};
			buildConfigurationList = DCD979C2255F2252002E2BD3 /* Build configuration list for PBXProject "CompositionalDiffablePlayground" */;
			compatibilityVersion = "Xcode 9.3";
			developmentRegion = en;
			hasScannedForEncodings = 0;
			knownRegions = (
				en,
				Base,
			);
			mainGroup = DCD979BE255F2252002E2BD3;
			productRefGroup = DCD979C8255F2252002E2BD3 /* Products */;
			projectDirPath = "";
			projectRoot = "";
			targets = (
				DCD979C6255F2252002E2BD3 /* CompositionalDiffablePlayground */,
			);
		};
/* End PBXProject section */

/* Begin PBXResourcesBuildPhase section */
		DCD979C5255F2252002E2BD3 /* Resources */ = {
			isa = PBXResourcesBuildPhase;
			buildActionMask = 2147483647;
			files = (
				DCD979D7255F2254002E2BD3 /* LaunchScreen.storyboard in Resources */,
				DCD979D4255F2254002E2BD3 /* Assets.xcassets in Resources */,
				DCD979D2255F2252002E2BD3 /* Main.storyboard in Resources */,
				DCD979FE256120DF002E2BD3 /* LayoutTypeCell.xib in Resources */,
			);
			runOnlyForDeploymentPostprocessing = 0;
		};
/* End PBXResourcesBuildPhase section */

/* Begin PBXSourcesBuildPhase section */
		DCD979C3255F2252002E2BD3 /* Sources */ = {
			isa = PBXSourcesBuildPhase;
			buildActionMask = 2147483647;
			files = (
				DCD97A0625612204002E2BD3 /* LayoutType.swift in Sources */,
				DCD979E3255F2779002E2BD3 /* NSDirectionalEdgeInsets+Extension.swift in Sources */,
				DCD979CF255F2252002E2BD3 /* ViewController.swift in Sources */,
				DCD97A012561215D002E2BD3 /* UICollectionCell+Extension.swift in Sources */,
				DCBE48432561253A00341818 /* ColorsSnapshot+Extension.swift in Sources */,
				DC4D67BF2564609B00A90329 /* SimpleHeaderView.swift in Sources */,
				DC59B001256969EE00C5E260 /* UICollectionViewCompositionalLayout+Extension.swift in Sources */,
				DCD979EE255F3189002E2BD3 /* ColorCell.swift in Sources */,
				DCD979CB255F2252002E2BD3 /* AppDelegate.swift in Sources */,
				DCBE4849256126D000341818 /* CompositionalCollectionViewViewController.swift in Sources */,
				DCD97A0A25612324002E2BD3 /* RoundedCornersCollectionCell.swift in Sources */,
				DCBE4846256126A200341818 /* SimpleGridViewController.swift in Sources */,
				DC4D685D2565A52300A90329 /* LazyGridViewController.swift in Sources */,
				DCD979F925607701002E2BD3 /* ColoredDiffableDatasource.swift in Sources */,
				DCD979CD255F2252002E2BD3 /* SceneDelegate.swift in Sources */,
				DCD979E7255F2B7B002E2BD3 /* UIColor+Extension.swift in Sources */,
				DCD979F52560527A002E2BD3 /* NSCollectionLayoutSection+Extension.swift in Sources */,
				DCD979F2256051C0002E2BD3 /* ListViewController.swift in Sources */,
				DCD979FD256120DF002E2BD3 /* LayoutTypeCell.swift in Sources */,
				DCD979EA255F2BBF002E2BD3 /* NSCollectionLayoutItem+Extension.swift in Sources */,
			);
			runOnlyForDeploymentPostprocessing = 0;
		};
/* End PBXSourcesBuildPhase section */

/* Begin PBXVariantGroup section */
		DCD979D0255F2252002E2BD3 /* Main.storyboard */ = {
			isa = PBXVariantGroup;
			children = (
				DCD979D1255F2252002E2BD3 /* Base */,
			);
			name = Main.storyboard;
			sourceTree = "<group>";
		};
		DCD979D5255F2254002E2BD3 /* LaunchScreen.storyboard */ = {
			isa = PBXVariantGroup;
			children = (
				DCD979D6255F2254002E2BD3 /* Base */,
			);
			name = LaunchScreen.storyboard;
			sourceTree = "<group>";
		};
/* End PBXVariantGroup section */

/* Begin XCBuildConfiguration section */
		DCD979D9255F2254002E2BD3 /* Debug */ = {
			isa = XCBuildConfiguration;
			buildSettings = {
				ALWAYS_SEARCH_USER_PATHS = NO;
				CLANG_ANALYZER_NONNULL = YES;
				CLANG_ANALYZER_NUMBER_OBJECT_CONVERSION = YES_AGGRESSIVE;
				CLANG_CXX_LANGUAGE_STANDARD = "gnu++14";
				CLANG_CXX_LIBRARY = "libc++";
				CLANG_ENABLE_MODULES = YES;
				CLANG_ENABLE_OBJC_ARC = YES;
				CLANG_ENABLE_OBJC_WEAK = YES;
				CLANG_WARN_BLOCK_CAPTURE_AUTORELEASING = YES;
				CLANG_WARN_BOOL_CONVERSION = YES;
				CLANG_WARN_COMMA = YES;
				CLANG_WARN_CONSTANT_CONVERSION = YES;
				CLANG_WARN_DEPRECATED_OBJC_IMPLEMENTATIONS = YES;
				CLANG_WARN_DIRECT_OBJC_ISA_USAGE = YES_ERROR;
				CLANG_WARN_DOCUMENTATION_COMMENTS = YES;
				CLANG_WARN_EMPTY_BODY = YES;
				CLANG_WARN_ENUM_CONVERSION = YES;
				CLANG_WARN_INFINITE_RECURSION = YES;
				CLANG_WARN_INT_CONVERSION = YES;
				CLANG_WARN_NON_LITERAL_NULL_CONVERSION = YES;
				CLANG_WARN_OBJC_IMPLICIT_RETAIN_SELF = YES;
				CLANG_WARN_OBJC_LITERAL_CONVERSION = YES;
				CLANG_WARN_OBJC_ROOT_CLASS = YES_ERROR;
				CLANG_WARN_QUOTED_INCLUDE_IN_FRAMEWORK_HEADER = YES;
				CLANG_WARN_RANGE_LOOP_ANALYSIS = YES;
				CLANG_WARN_STRICT_PROTOTYPES = YES;
				CLANG_WARN_SUSPICIOUS_MOVE = YES;
				CLANG_WARN_UNGUARDED_AVAILABILITY = YES_AGGRESSIVE;
				CLANG_WARN_UNREACHABLE_CODE = YES;
				CLANG_WARN__DUPLICATE_METHOD_MATCH = YES;
				COPY_PHASE_STRIP = NO;
				DEBUG_INFORMATION_FORMAT = dwarf;
				ENABLE_STRICT_OBJC_MSGSEND = YES;
				ENABLE_TESTABILITY = YES;
				GCC_C_LANGUAGE_STANDARD = gnu11;
				GCC_DYNAMIC_NO_PIC = NO;
				GCC_NO_COMMON_BLOCKS = YES;
				GCC_OPTIMIZATION_LEVEL = 0;
				GCC_PREPROCESSOR_DEFINITIONS = (
					"DEBUG=1",
					"$(inherited)",
				);
				GCC_WARN_64_TO_32_BIT_CONVERSION = YES;
				GCC_WARN_ABOUT_RETURN_TYPE = YES_ERROR;
				GCC_WARN_UNDECLARED_SELECTOR = YES;
				GCC_WARN_UNINITIALIZED_AUTOS = YES_AGGRESSIVE;
				GCC_WARN_UNUSED_FUNCTION = YES;
				GCC_WARN_UNUSED_VARIABLE = YES;
				IPHONEOS_DEPLOYMENT_TARGET = 14.0;
				MTL_ENABLE_DEBUG_INFO = INCLUDE_SOURCE;
				MTL_FAST_MATH = YES;
				ONLY_ACTIVE_ARCH = YES;
				SDKROOT = iphoneos;
				SWIFT_ACTIVE_COMPILATION_CONDITIONS = DEBUG;
				SWIFT_OPTIMIZATION_LEVEL = "-Onone";
			};
			name = Debug;
		};
		DCD979DA255F2254002E2BD3 /* Release */ = {
			isa = XCBuildConfiguration;
			buildSettings = {
				ALWAYS_SEARCH_USER_PATHS = NO;
				CLANG_ANALYZER_NONNULL = YES;
				CLANG_ANALYZER_NUMBER_OBJECT_CONVERSION = YES_AGGRESSIVE;
				CLANG_CXX_LANGUAGE_STANDARD = "gnu++14";
				CLANG_CXX_LIBRARY = "libc++";
				CLANG_ENABLE_MODULES = YES;
				CLANG_ENABLE_OBJC_ARC = YES;
				CLANG_ENABLE_OBJC_WEAK = YES;
				CLANG_WARN_BLOCK_CAPTURE_AUTORELEASING = YES;
				CLANG_WARN_BOOL_CONVERSION = YES;
				CLANG_WARN_COMMA = YES;
				CLANG_WARN_CONSTANT_CONVERSION = YES;
				CLANG_WARN_DEPRECATED_OBJC_IMPLEMENTATIONS = YES;
				CLANG_WARN_DIRECT_OBJC_ISA_USAGE = YES_ERROR;
				CLANG_WARN_DOCUMENTATION_COMMENTS = YES;
				CLANG_WARN_EMPTY_BODY = YES;
				CLANG_WARN_ENUM_CONVERSION = YES;
				CLANG_WARN_INFINITE_RECURSION = YES;
				CLANG_WARN_INT_CONVERSION = YES;
				CLANG_WARN_NON_LITERAL_NULL_CONVERSION = YES;
				CLANG_WARN_OBJC_IMPLICIT_RETAIN_SELF = YES;
				CLANG_WARN_OBJC_LITERAL_CONVERSION = YES;
				CLANG_WARN_OBJC_ROOT_CLASS = YES_ERROR;
				CLANG_WARN_QUOTED_INCLUDE_IN_FRAMEWORK_HEADER = YES;
				CLANG_WARN_RANGE_LOOP_ANALYSIS = YES;
				CLANG_WARN_STRICT_PROTOTYPES = YES;
				CLANG_WARN_SUSPICIOUS_MOVE = YES;
				CLANG_WARN_UNGUARDED_AVAILABILITY = YES_AGGRESSIVE;
				CLANG_WARN_UNREACHABLE_CODE = YES;
				CLANG_WARN__DUPLICATE_METHOD_MATCH = YES;
				COPY_PHASE_STRIP = NO;
				DEBUG_INFORMATION_FORMAT = "dwarf-with-dsym";
				ENABLE_NS_ASSERTIONS = NO;
				ENABLE_STRICT_OBJC_MSGSEND = YES;
				GCC_C_LANGUAGE_STANDARD = gnu11;
				GCC_NO_COMMON_BLOCKS = YES;
				GCC_WARN_64_TO_32_BIT_CONVERSION = YES;
				GCC_WARN_ABOUT_RETURN_TYPE = YES_ERROR;
				GCC_WARN_UNDECLARED_SELECTOR = YES;
				GCC_WARN_UNINITIALIZED_AUTOS = YES_AGGRESSIVE;
				GCC_WARN_UNUSED_FUNCTION = YES;
				GCC_WARN_UNUSED_VARIABLE = YES;
				IPHONEOS_DEPLOYMENT_TARGET = 14.0;
				MTL_ENABLE_DEBUG_INFO = NO;
				MTL_FAST_MATH = YES;
				SDKROOT = iphoneos;
				SWIFT_COMPILATION_MODE = wholemodule;
				SWIFT_OPTIMIZATION_LEVEL = "-O";
				VALIDATE_PRODUCT = YES;
			};
			name = Release;
		};
		DCD979DC255F2254002E2BD3 /* Debug */ = {
			isa = XCBuildConfiguration;
			buildSettings = {
				ASSETCATALOG_COMPILER_APPICON_NAME = AppIcon;
				ASSETCATALOG_COMPILER_GLOBAL_ACCENT_COLOR_NAME = AccentColor;
				CODE_SIGN_STYLE = Automatic;
				DEVELOPMENT_TEAM = S793P9ET2W;
				INFOPLIST_FILE = CompositionalDiffablePlayground/Info.plist;
				IPHONEOS_DEPLOYMENT_TARGET = 13.0;
				LD_RUNPATH_SEARCH_PATHS = (
					"$(inherited)",
					"@executable_path/Frameworks",
				);
				PRODUCT_BUNDLE_IDENTIFIER = FN.CompositionalDiffablePlayground;
				PRODUCT_NAME = "$(TARGET_NAME)";
				SWIFT_VERSION = 5.0;
				TARGETED_DEVICE_FAMILY = "1,2";
			};
			name = Debug;
		};
		DCD979DD255F2254002E2BD3 /* Release */ = {
			isa = XCBuildConfiguration;
			buildSettings = {
				ASSETCATALOG_COMPILER_APPICON_NAME = AppIcon;
				ASSETCATALOG_COMPILER_GLOBAL_ACCENT_COLOR_NAME = AccentColor;
				CODE_SIGN_STYLE = Automatic;
				DEVELOPMENT_TEAM = S793P9ET2W;
				INFOPLIST_FILE = CompositionalDiffablePlayground/Info.plist;
				IPHONEOS_DEPLOYMENT_TARGET = 13.0;
				LD_RUNPATH_SEARCH_PATHS = (
					"$(inherited)",
					"@executable_path/Frameworks",
				);
				PRODUCT_BUNDLE_IDENTIFIER = FN.CompositionalDiffablePlayground;
				PRODUCT_NAME = "$(TARGET_NAME)";
				SWIFT_VERSION = 5.0;
				TARGETED_DEVICE_FAMILY = "1,2";
			};
			name = Release;
		};
/* End XCBuildConfiguration section */

/* Begin XCConfigurationList section */
		DCD979C2255F2252002E2BD3 /* Build configuration list for PBXProject "CompositionalDiffablePlayground" */ = {
			isa = XCConfigurationList;
			buildConfigurations = (
				DCD979D9255F2254002E2BD3 /* Debug */,
				DCD979DA255F2254002E2BD3 /* Release */,
			);
			defaultConfigurationIsVisible = 0;
			defaultConfigurationName = Release;
		};
		DCD979DB255F2254002E2BD3 /* Build configuration list for PBXNativeTarget "CompositionalDiffablePlayground" */ = {
			isa = XCConfigurationList;
			buildConfigurations = (
				DCD979DC255F2254002E2BD3 /* Debug */,
				DCD979DD255F2254002E2BD3 /* Release */,
			);
			defaultConfigurationIsVisible = 0;
			defaultConfigurationName = Release;
		};
/* End XCConfigurationList section */
	};
	rootObject = DCD979BF255F2252002E2BD3 /* Project object */;
}
