// !$*UTF8*$!
{
	archiveVersion = 1;
	classes = {
	};
	objectVersion = 50;
	objects = {

/* Begin PBXBuildFile section */
		DC054B322572F46300FED77A /* SimpleNetworkHelper.swift in Sources */ = {isa = PBXBuildFile; fileRef = DC054B312572F46300FED77A /* SimpleNetworkHelper.swift */; };
		DC054B352572F52C00FED77A /* JokesViewController.swift in Sources */ = {isa = PBXBuildFile; fileRef = DC054B342572F52C00FED77A /* JokesViewController.swift */; };
		DC054B392572F5FE00FED77A /* JokeCell.swift in Sources */ = {isa = PBXBuildFile; fileRef = DC054B372572F5FE00FED77A /* JokeCell.swift */; };
		DC054B3A2572F5FE00FED77A /* JokeCell.xib in Resources */ = {isa = PBXBuildFile; fileRef = DC054B382572F5FE00FED77A /* JokeCell.xib */; };
		DC054B3E2572F71600FED77A /* CellFromNib.swift in Sources */ = {isa = PBXBuildFile; fileRef = DC054B3D2572F71600FED77A /* CellFromNib.swift */; };
		DC092D5E25C47C520031399B /* OnboardingLayoutViewController.swift in Sources */ = {isa = PBXBuildFile; fileRef = DC092D5D25C47C520031399B /* OnboardingLayoutViewController.swift */; };
		DC092D6525C572BB0031399B /* UICollectionView+Extension.swift in Sources */ = {isa = PBXBuildFile; fileRef = DC092D6425C572BB0031399B /* UICollectionView+Extension.swift */; };
		DC0A6CBE25A0870A00B59501 /* GroupExampleViewController.swift in Sources */ = {isa = PBXBuildFile; fileRef = DC0A6CBD25A0870A00B59501 /* GroupExampleViewController.swift */; };
		DC13860425AE3F9700BCAB5E /* LetterCell.swift in Sources */ = {isa = PBXBuildFile; fileRef = DC13860325AE3F9700BCAB5E /* LetterCell.swift */; };
		DC13860725AE403700BCAB5E /* WordsViewController.swift in Sources */ = {isa = PBXBuildFile; fileRef = DC13860625AE403700BCAB5E /* WordsViewController.swift */; };
		DC1E1443257EBD2F00777498 /* ComplexExample.swift in Sources */ = {isa = PBXBuildFile; fileRef = DC1E1442257EBD2F00777498 /* ComplexExample.swift */; };
		DC30B4F425B3205700E5A57F /* Instantgram.storyboard in Resources */ = {isa = PBXBuildFile; fileRef = DC30B4F325B3205700E5A57F /* Instantgram.storyboard */; };
		DC30B4F825B3226300E5A57F /* ProfileHeaderCell.swift in Sources */ = {isa = PBXBuildFile; fileRef = DC30B4F725B3226300E5A57F /* ProfileHeaderCell.swift */; };
		DC30B4FB25B3238300E5A57F /* InstantgramViewController.swift in Sources */ = {isa = PBXBuildFile; fileRef = DC30B4FA25B3238300E5A57F /* InstantgramViewController.swift */; };
		DC30B4FF25B323CA00E5A57F /* ProfileHeaderData.swift in Sources */ = {isa = PBXBuildFile; fileRef = DC30B4FE25B323CA00E5A57F /* ProfileHeaderData.swift */; };
		DC30B50325B3459800E5A57F /* ProfileHighlightCell.swift in Sources */ = {isa = PBXBuildFile; fileRef = DC30B50225B3459800E5A57F /* ProfileHighlightCell.swift */; };
		DC30B50625B347AD00E5A57F /* ProfileHighlight.swift in Sources */ = {isa = PBXBuildFile; fileRef = DC30B50525B347AD00E5A57F /* ProfileHighlight.swift */; };
		DC30B50925B34F9C00E5A57F /* ProfilePhotosHeaderView.swift in Sources */ = {isa = PBXBuildFile; fileRef = DC30B50825B34F9C00E5A57F /* ProfilePhotosHeaderView.swift */; };
		DC30B50C25B36B9D00E5A57F /* InstantiatesFromNib.swift in Sources */ = {isa = PBXBuildFile; fileRef = DC30B50B25B36B9D00E5A57F /* InstantiatesFromNib.swift */; };
		DC30B50F25B36D0C00E5A57F /* ProfilePhotosHeaderView.xib in Resources */ = {isa = PBXBuildFile; fileRef = DC30B50E25B36D0C00E5A57F /* ProfilePhotosHeaderView.xib */; };
		DC30B51225B374ED00E5A57F /* ImageViewCell.swift in Sources */ = {isa = PBXBuildFile; fileRef = DC30B51125B374ED00E5A57F /* ImageViewCell.swift */; };
		DC30B51525B375FB00E5A57F /* Photo.swift in Sources */ = {isa = PBXBuildFile; fileRef = DC30B51425B375FB00E5A57F /* Photo.swift */; };
		DC46DCB825A650C200A42634 /* UpdatedInfoView.swift in Sources */ = {isa = PBXBuildFile; fileRef = DC46DCB725A650C200A42634 /* UpdatedInfoView.swift */; };
		DC4D67BF2564609B00A90329 /* SimpleHeaderView.swift in Sources */ = {isa = PBXBuildFile; fileRef = DC4D67BE2564609B00A90329 /* SimpleHeaderView.swift */; };
		DC4D685D2565A52300A90329 /* LazyGridViewController.swift in Sources */ = {isa = PBXBuildFile; fileRef = DC4D685C2565A52300A90329 /* LazyGridViewController.swift */; };
		DC4DA057259DECD500EF60A6 /* BadgesViewController.swift in Sources */ = {isa = PBXBuildFile; fileRef = DC4DA056259DECD500EF60A6 /* BadgesViewController.swift */; };
		DC4DA05A259DEFDF00EF60A6 /* BadgeView.swift in Sources */ = {isa = PBXBuildFile; fileRef = DC4DA059259DEFDF00EF60A6 /* BadgeView.swift */; };
		DC5410FB25D282140023DA2E /* StickyHeadersViewController.swift in Sources */ = {isa = PBXBuildFile; fileRef = DC5410FA25D282140023DA2E /* StickyHeadersViewController.swift */; };
		DC5410FE25D282A00023DA2E /* StickyHeaderView.swift in Sources */ = {isa = PBXBuildFile; fileRef = DC5410FD25D282A00023DA2E /* StickyHeaderView.swift */; };
		DC54111A25D4604E0023DA2E /* UIDevice+Extension.swift in Sources */ = {isa = PBXBuildFile; fileRef = DC54111925D4604E0023DA2E /* UIDevice+Extension.swift */; };
		DC54111D25D463200023DA2E /* ResponsiveLayoutExample.swift in Sources */ = {isa = PBXBuildFile; fileRef = DC54111C25D4631F0023DA2E /* ResponsiveLayoutExample.swift */; };
		DC59B001256969EE00C5E260 /* UICollectionViewCompositionalLayout+Extension.swift in Sources */ = {isa = PBXBuildFile; fileRef = DC59B000256969EE00C5E260 /* UICollectionViewCompositionalLayout+Extension.swift */; };
		DC59B00425696A6900C5E260 /* SystemListViewController.swift in Sources */ = {isa = PBXBuildFile; fileRef = DC59B00325696A6900C5E260 /* SystemListViewController.swift */; };
		DC5DB886257D162E00181DCF /* Array+Extension.swift in Sources */ = {isa = PBXBuildFile; fileRef = DC5DB885257D162E00181DCF /* Array+Extension.swift */; };
		DC6474E725D6805D002F1AF4 /* NSCollectionLayoutDimension+Extension.swift in Sources */ = {isa = PBXBuildFile; fileRef = DC6474E625D6805D002F1AF4 /* NSCollectionLayoutDimension+Extension.swift */; };
		DC6CC30225CD8EFC001B95E4 /* Color.swift in Sources */ = {isa = PBXBuildFile; fileRef = DC6CC30125CD8EFC001B95E4 /* Color.swift */; };
		DC6CC30725CDBAF6001B95E4 /* ActionButtonHeader.swift in Sources */ = {isa = PBXBuildFile; fileRef = DC6CC30625CDBAF6001B95E4 /* ActionButtonHeader.swift */; };
		DC86AC5825713E3B0071B7EA /* Database.xcdatamodeld in Sources */ = {isa = PBXBuildFile; fileRef = DC86AC5625713E3B0071B7EA /* Database.xcdatamodeld */; };
		DC86AC5B257144830071B7EA /* Joke.swift in Sources */ = {isa = PBXBuildFile; fileRef = DC86AC5A257144830071B7EA /* Joke.swift */; };
		DC86AC5E257144890071B7EA /* Managed.swift in Sources */ = {isa = PBXBuildFile; fileRef = DC86AC5D257144890071B7EA /* Managed.swift */; };
		DC86AC61257145290071B7EA /* Database.swift in Sources */ = {isa = PBXBuildFile; fileRef = DC86AC60257145290071B7EA /* Database.swift */; };
		DC86AC65257145EC0071B7EA /* JokeDTO.swift in Sources */ = {isa = PBXBuildFile; fileRef = DC86AC64257145EC0071B7EA /* JokeDTO.swift */; };
		DCAB988F25E12E6F003AF6CD /* PhotosViewController.swift in Sources */ = {isa = PBXBuildFile; fileRef = DCAB988E25E12E6F003AF6CD /* PhotosViewController.swift */; };
		DCAB989325E14A39003AF6CD /* PhotoSummaryCell.swift in Sources */ = {isa = PBXBuildFile; fileRef = DCAB989125E14A39003AF6CD /* PhotoSummaryCell.swift */; };
		DCAB989425E14A39003AF6CD /* PhotoSummaryCell.xib in Resources */ = {isa = PBXBuildFile; fileRef = DCAB989225E14A39003AF6CD /* PhotoSummaryCell.xib */; };
		DCAB989725E14E21003AF6CD /* GradientView.swift in Sources */ = {isa = PBXBuildFile; fileRef = DCAB989625E14E20003AF6CD /* GradientView.swift */; };
		DCBE48432561253A00341818 /* ColorsSnapshot+Extension.swift in Sources */ = {isa = PBXBuildFile; fileRef = DCBE48422561253A00341818 /* ColorsSnapshot+Extension.swift */; };
		DCBE4846256126A200341818 /* SimpleGridViewController.swift in Sources */ = {isa = PBXBuildFile; fileRef = DCBE4845256126A200341818 /* SimpleGridViewController.swift */; };
		DCBE4849256126D000341818 /* CompositionalCollectionViewViewController.swift in Sources */ = {isa = PBXBuildFile; fileRef = DCBE4848256126D000341818 /* CompositionalCollectionViewViewController.swift */; };
		DCC67DB025974A2F00CA71EF /* CellRegistrationViewController.swift in Sources */ = {isa = PBXBuildFile; fileRef = DCC67DAF25974A2F00CA71EF /* CellRegistrationViewController.swift */; };
		DCC67DB325974EFB00CA71EF /* JokeProtocol.swift in Sources */ = {isa = PBXBuildFile; fileRef = DCC67DB225974EFB00CA71EF /* JokeProtocol.swift */; };
		DCD0DABE256A66D6003BA138 /* SimpleFooterView.swift in Sources */ = {isa = PBXBuildFile; fileRef = DCD0DABD256A66D6003BA138 /* SimpleFooterView.swift */; };
		DCD0DAC1256A671C003BA138 /* UICollectionReusableView+Extension.swift in Sources */ = {isa = PBXBuildFile; fileRef = DCD0DAC0256A671C003BA138 /* UICollectionReusableView+Extension.swift */; };
		DCD979CB255F2252002E2BD3 /* AppDelegate.swift in Sources */ = {isa = PBXBuildFile; fileRef = DCD979CA255F2252002E2BD3 /* AppDelegate.swift */; };
		DCD979CD255F2252002E2BD3 /* SceneDelegate.swift in Sources */ = {isa = PBXBuildFile; fileRef = DCD979CC255F2252002E2BD3 /* SceneDelegate.swift */; };
		DCD979CF255F2252002E2BD3 /* ViewController.swift in Sources */ = {isa = PBXBuildFile; fileRef = DCD979CE255F2252002E2BD3 /* ViewController.swift */; };
		DCD979D2255F2252002E2BD3 /* Main.storyboard in Resources */ = {isa = PBXBuildFile; fileRef = DCD979D0255F2252002E2BD3 /* Main.storyboard */; };
		DCD979D4255F2254002E2BD3 /* Assets.xcassets in Resources */ = {isa = PBXBuildFile; fileRef = DCD979D3255F2254002E2BD3 /* Assets.xcassets */; };
		DCD979D7255F2254002E2BD3 /* LaunchScreen.storyboard in Resources */ = {isa = PBXBuildFile; fileRef = DCD979D5255F2254002E2BD3 /* LaunchScreen.storyboard */; };
		DCD979E3255F2779002E2BD3 /* NSDirectionalEdgeInsets+Extension.swift in Sources */ = {isa = PBXBuildFile; fileRef = DCD979E2255F2779002E2BD3 /* NSDirectionalEdgeInsets+Extension.swift */; };
		DCD979E7255F2B7B002E2BD3 /* UIColor+Extension.swift in Sources */ = {isa = PBXBuildFile; fileRef = DCD979E6255F2B7B002E2BD3 /* UIColor+Extension.swift */; };
		DCD979EA255F2BBF002E2BD3 /* NSCollectionLayoutItem+Extension.swift in Sources */ = {isa = PBXBuildFile; fileRef = DCD979E9255F2BBF002E2BD3 /* NSCollectionLayoutItem+Extension.swift */; };
		DCD979EE255F3189002E2BD3 /* ColorCell.swift in Sources */ = {isa = PBXBuildFile; fileRef = DCD979ED255F3189002E2BD3 /* ColorCell.swift */; };
		DCD979F2256051C0002E2BD3 /* ListViewController.swift in Sources */ = {isa = PBXBuildFile; fileRef = DCD979F1256051C0002E2BD3 /* ListViewController.swift */; };
		DCD979F52560527A002E2BD3 /* NSCollectionLayoutSection+Extension.swift in Sources */ = {isa = PBXBuildFile; fileRef = DCD979F42560527A002E2BD3 /* NSCollectionLayoutSection+Extension.swift */; };
		DCD979F925607701002E2BD3 /* ColoredDiffableDatasource.swift in Sources */ = {isa = PBXBuildFile; fileRef = DCD979F825607701002E2BD3 /* ColoredDiffableDatasource.swift */; };
		DCD979FD256120DF002E2BD3 /* LayoutTypeCell.swift in Sources */ = {isa = PBXBuildFile; fileRef = DCD979FB256120DF002E2BD3 /* LayoutTypeCell.swift */; };
		DCD979FE256120DF002E2BD3 /* LayoutTypeCell.xib in Resources */ = {isa = PBXBuildFile; fileRef = DCD979FC256120DF002E2BD3 /* LayoutTypeCell.xib */; };
		DCD97A0625612204002E2BD3 /* LayoutType.swift in Sources */ = {isa = PBXBuildFile; fileRef = DCD97A0525612204002E2BD3 /* LayoutType.swift */; };
		DCD97A0A25612324002E2BD3 /* RoundedCornersCollectionCell.swift in Sources */ = {isa = PBXBuildFile; fileRef = DCD97A0925612324002E2BD3 /* RoundedCornersCollectionCell.swift */; };
		DCF7039A259885C800EF12FD /* ItemsDiffableDatasource.swift in Sources */ = {isa = PBXBuildFile; fileRef = DCF70399259885C800EF12FD /* ItemsDiffableDatasource.swift */; };
		DCF703A3259A166300EF12FD /* RoundedBackgroundView.swift in Sources */ = {isa = PBXBuildFile; fileRef = DCF703A2259A166300EF12FD /* RoundedBackgroundView.swift */; };
		DCF703A6259A16C600EF12FD /* BackgroundDecorationViewController.swift in Sources */ = {isa = PBXBuildFile; fileRef = DCF703A5259A16C600EF12FD /* BackgroundDecorationViewController.swift */; };
		DCF703A9259A183F00EF12FD /* ItemCell.swift in Sources */ = {isa = PBXBuildFile; fileRef = DCF703A8259A183F00EF12FD /* ItemCell.swift */; };
/* End PBXBuildFile section */

/* Begin PBXFileReference section */
		DC054B312572F46300FED77A /* SimpleNetworkHelper.swift */ = {isa = PBXFileReference; lastKnownFileType = sourcecode.swift; path = SimpleNetworkHelper.swift; sourceTree = "<group>"; };
		DC054B342572F52C00FED77A /* JokesViewController.swift */ = {isa = PBXFileReference; lastKnownFileType = sourcecode.swift; path = JokesViewController.swift; sourceTree = "<group>"; };
		DC054B372572F5FE00FED77A /* JokeCell.swift */ = {isa = PBXFileReference; lastKnownFileType = sourcecode.swift; path = JokeCell.swift; sourceTree = "<group>"; };
		DC054B382572F5FE00FED77A /* JokeCell.xib */ = {isa = PBXFileReference; lastKnownFileType = file.xib; path = JokeCell.xib; sourceTree = "<group>"; };
		DC054B3D2572F71600FED77A /* CellFromNib.swift */ = {isa = PBXFileReference; lastKnownFileType = sourcecode.swift; path = CellFromNib.swift; sourceTree = "<group>"; };
		DC092D5D25C47C520031399B /* OnboardingLayoutViewController.swift */ = {isa = PBXFileReference; lastKnownFileType = sourcecode.swift; path = OnboardingLayoutViewController.swift; sourceTree = "<group>"; };
		DC092D6425C572BB0031399B /* UICollectionView+Extension.swift */ = {isa = PBXFileReference; lastKnownFileType = sourcecode.swift; path = "UICollectionView+Extension.swift"; sourceTree = "<group>"; };
		DC0A6CBD25A0870A00B59501 /* GroupExampleViewController.swift */ = {isa = PBXFileReference; lastKnownFileType = sourcecode.swift; path = GroupExampleViewController.swift; sourceTree = "<group>"; };
		DC13860325AE3F9700BCAB5E /* LetterCell.swift */ = {isa = PBXFileReference; lastKnownFileType = sourcecode.swift; path = LetterCell.swift; sourceTree = "<group>"; };
		DC13860625AE403700BCAB5E /* WordsViewController.swift */ = {isa = PBXFileReference; lastKnownFileType = sourcecode.swift; path = WordsViewController.swift; sourceTree = "<group>"; };
		DC1E1442257EBD2F00777498 /* ComplexExample.swift */ = {isa = PBXFileReference; lastKnownFileType = sourcecode.swift; path = ComplexExample.swift; sourceTree = "<group>"; };
		DC30B4F325B3205700E5A57F /* Instantgram.storyboard */ = {isa = PBXFileReference; lastKnownFileType = file.storyboard; path = Instantgram.storyboard; sourceTree = "<group>"; };
		DC30B4F725B3226300E5A57F /* ProfileHeaderCell.swift */ = {isa = PBXFileReference; lastKnownFileType = sourcecode.swift; path = ProfileHeaderCell.swift; sourceTree = "<group>"; };
		DC30B4FA25B3238300E5A57F /* InstantgramViewController.swift */ = {isa = PBXFileReference; lastKnownFileType = sourcecode.swift; path = InstantgramViewController.swift; sourceTree = "<group>"; };
		DC30B4FE25B323CA00E5A57F /* ProfileHeaderData.swift */ = {isa = PBXFileReference; lastKnownFileType = sourcecode.swift; path = ProfileHeaderData.swift; sourceTree = "<group>"; };
		DC30B50225B3459800E5A57F /* ProfileHighlightCell.swift */ = {isa = PBXFileReference; lastKnownFileType = sourcecode.swift; path = ProfileHighlightCell.swift; sourceTree = "<group>"; };
		DC30B50525B347AD00E5A57F /* ProfileHighlight.swift */ = {isa = PBXFileReference; lastKnownFileType = sourcecode.swift; path = ProfileHighlight.swift; sourceTree = "<group>"; };
		DC30B50825B34F9C00E5A57F /* ProfilePhotosHeaderView.swift */ = {isa = PBXFileReference; lastKnownFileType = sourcecode.swift; path = ProfilePhotosHeaderView.swift; sourceTree = "<group>"; };
		DC30B50B25B36B9D00E5A57F /* InstantiatesFromNib.swift */ = {isa = PBXFileReference; lastKnownFileType = sourcecode.swift; path = InstantiatesFromNib.swift; sourceTree = "<group>"; };
		DC30B50E25B36D0C00E5A57F /* ProfilePhotosHeaderView.xib */ = {isa = PBXFileReference; lastKnownFileType = file.xib; path = ProfilePhotosHeaderView.xib; sourceTree = "<group>"; };
		DC30B51125B374ED00E5A57F /* ImageViewCell.swift */ = {isa = PBXFileReference; lastKnownFileType = sourcecode.swift; path = ImageViewCell.swift; sourceTree = "<group>"; };
		DC30B51425B375FB00E5A57F /* Photo.swift */ = {isa = PBXFileReference; lastKnownFileType = sourcecode.swift; path = Photo.swift; sourceTree = "<group>"; };
		DC46DCB725A650C200A42634 /* UpdatedInfoView.swift */ = {isa = PBXFileReference; lastKnownFileType = sourcecode.swift; path = UpdatedInfoView.swift; sourceTree = "<group>"; };
		DC4D67BE2564609B00A90329 /* SimpleHeaderView.swift */ = {isa = PBXFileReference; lastKnownFileType = sourcecode.swift; path = SimpleHeaderView.swift; sourceTree = "<group>"; };
		DC4D685C2565A52300A90329 /* LazyGridViewController.swift */ = {isa = PBXFileReference; lastKnownFileType = sourcecode.swift; path = LazyGridViewController.swift; sourceTree = "<group>"; };
		DC4DA056259DECD500EF60A6 /* BadgesViewController.swift */ = {isa = PBXFileReference; lastKnownFileType = sourcecode.swift; path = BadgesViewController.swift; sourceTree = "<group>"; };
		DC4DA059259DEFDF00EF60A6 /* BadgeView.swift */ = {isa = PBXFileReference; lastKnownFileType = sourcecode.swift; path = BadgeView.swift; sourceTree = "<group>"; };
		DC5410FA25D282140023DA2E /* StickyHeadersViewController.swift */ = {isa = PBXFileReference; lastKnownFileType = sourcecode.swift; path = StickyHeadersViewController.swift; sourceTree = "<group>"; };
		DC5410FD25D282A00023DA2E /* StickyHeaderView.swift */ = {isa = PBXFileReference; lastKnownFileType = sourcecode.swift; path = StickyHeaderView.swift; sourceTree = "<group>"; };
		DC54111925D4604E0023DA2E /* UIDevice+Extension.swift */ = {isa = PBXFileReference; lastKnownFileType = sourcecode.swift; path = "UIDevice+Extension.swift"; sourceTree = "<group>"; };
		DC54111C25D4631F0023DA2E /* ResponsiveLayoutExample.swift */ = {isa = PBXFileReference; lastKnownFileType = sourcecode.swift; path = ResponsiveLayoutExample.swift; sourceTree = "<group>"; };
		DC59B000256969EE00C5E260 /* UICollectionViewCompositionalLayout+Extension.swift */ = {isa = PBXFileReference; lastKnownFileType = sourcecode.swift; path = "UICollectionViewCompositionalLayout+Extension.swift"; sourceTree = "<group>"; };
		DC59B00325696A6900C5E260 /* SystemListViewController.swift */ = {isa = PBXFileReference; lastKnownFileType = sourcecode.swift; path = SystemListViewController.swift; sourceTree = "<group>"; };
		DC5DB885257D162E00181DCF /* Array+Extension.swift */ = {isa = PBXFileReference; lastKnownFileType = sourcecode.swift; path = "Array+Extension.swift"; sourceTree = "<group>"; };
		DC6474E625D6805D002F1AF4 /* NSCollectionLayoutDimension+Extension.swift */ = {isa = PBXFileReference; lastKnownFileType = sourcecode.swift; path = "NSCollectionLayoutDimension+Extension.swift"; sourceTree = "<group>"; };
		DC6CC30125CD8EFC001B95E4 /* Color.swift */ = {isa = PBXFileReference; lastKnownFileType = sourcecode.swift; path = Color.swift; sourceTree = "<group>"; };
		DC6CC30625CDBAF6001B95E4 /* ActionButtonHeader.swift */ = {isa = PBXFileReference; lastKnownFileType = sourcecode.swift; path = ActionButtonHeader.swift; sourceTree = "<group>"; };
		DC86AC5725713E3B0071B7EA /* Database.xcdatamodel */ = {isa = PBXFileReference; lastKnownFileType = wrapper.xcdatamodel; path = Database.xcdatamodel; sourceTree = "<group>"; };
		DC86AC5A257144830071B7EA /* Joke.swift */ = {isa = PBXFileReference; lastKnownFileType = sourcecode.swift; path = Joke.swift; sourceTree = "<group>"; };
		DC86AC5D257144890071B7EA /* Managed.swift */ = {isa = PBXFileReference; lastKnownFileType = sourcecode.swift; path = Managed.swift; sourceTree = "<group>"; };
		DC86AC60257145290071B7EA /* Database.swift */ = {isa = PBXFileReference; lastKnownFileType = sourcecode.swift; path = Database.swift; sourceTree = "<group>"; };
		DC86AC64257145EC0071B7EA /* JokeDTO.swift */ = {isa = PBXFileReference; lastKnownFileType = sourcecode.swift; path = JokeDTO.swift; sourceTree = "<group>"; };
		DCAB988E25E12E6F003AF6CD /* PhotosViewController.swift */ = {isa = PBXFileReference; lastKnownFileType = sourcecode.swift; path = PhotosViewController.swift; sourceTree = "<group>"; };
		DCAB989125E14A39003AF6CD /* PhotoSummaryCell.swift */ = {isa = PBXFileReference; lastKnownFileType = sourcecode.swift; path = PhotoSummaryCell.swift; sourceTree = "<group>"; };
		DCAB989225E14A39003AF6CD /* PhotoSummaryCell.xib */ = {isa = PBXFileReference; lastKnownFileType = file.xib; path = PhotoSummaryCell.xib; sourceTree = "<group>"; };
		DCAB989625E14E20003AF6CD /* GradientView.swift */ = {isa = PBXFileReference; lastKnownFileType = sourcecode.swift; path = GradientView.swift; sourceTree = "<group>"; };
		DCBE48422561253A00341818 /* ColorsSnapshot+Extension.swift */ = {isa = PBXFileReference; lastKnownFileType = sourcecode.swift; path = "ColorsSnapshot+Extension.swift"; sourceTree = "<group>"; };
		DCBE4845256126A200341818 /* SimpleGridViewController.swift */ = {isa = PBXFileReference; lastKnownFileType = sourcecode.swift; path = SimpleGridViewController.swift; sourceTree = "<group>"; };
		DCBE4848256126D000341818 /* CompositionalCollectionViewViewController.swift */ = {isa = PBXFileReference; lastKnownFileType = sourcecode.swift; path = CompositionalCollectionViewViewController.swift; sourceTree = "<group>"; };
		DCC67DAF25974A2F00CA71EF /* CellRegistrationViewController.swift */ = {isa = PBXFileReference; lastKnownFileType = sourcecode.swift; path = CellRegistrationViewController.swift; sourceTree = "<group>"; };
		DCC67DB225974EFB00CA71EF /* JokeProtocol.swift */ = {isa = PBXFileReference; lastKnownFileType = sourcecode.swift; path = JokeProtocol.swift; sourceTree = "<group>"; };
		DCD0DABD256A66D6003BA138 /* SimpleFooterView.swift */ = {isa = PBXFileReference; lastKnownFileType = sourcecode.swift; path = SimpleFooterView.swift; sourceTree = "<group>"; };
		DCD0DAC0256A671C003BA138 /* UICollectionReusableView+Extension.swift */ = {isa = PBXFileReference; lastKnownFileType = sourcecode.swift; path = "UICollectionReusableView+Extension.swift"; sourceTree = "<group>"; };
		DCD979C7255F2252002E2BD3 /* CompositionalDiffablePlayground.app */ = {isa = PBXFileReference; explicitFileType = wrapper.application; includeInIndex = 0; path = CompositionalDiffablePlayground.app; sourceTree = BUILT_PRODUCTS_DIR; };
		DCD979CA255F2252002E2BD3 /* AppDelegate.swift */ = {isa = PBXFileReference; lastKnownFileType = sourcecode.swift; path = AppDelegate.swift; sourceTree = "<group>"; };
		DCD979CC255F2252002E2BD3 /* SceneDelegate.swift */ = {isa = PBXFileReference; lastKnownFileType = sourcecode.swift; path = SceneDelegate.swift; sourceTree = "<group>"; };
		DCD979CE255F2252002E2BD3 /* ViewController.swift */ = {isa = PBXFileReference; lastKnownFileType = sourcecode.swift; path = ViewController.swift; sourceTree = "<group>"; };
		DCD979D1255F2252002E2BD3 /* Base */ = {isa = PBXFileReference; lastKnownFileType = file.storyboard; name = Base; path = Base.lproj/Main.storyboard; sourceTree = "<group>"; };
		DCD979D3255F2254002E2BD3 /* Assets.xcassets */ = {isa = PBXFileReference; lastKnownFileType = folder.assetcatalog; path = Assets.xcassets; sourceTree = "<group>"; };
		DCD979D6255F2254002E2BD3 /* Base */ = {isa = PBXFileReference; lastKnownFileType = file.storyboard; name = Base; path = Base.lproj/LaunchScreen.storyboard; sourceTree = "<group>"; };
		DCD979D8255F2254002E2BD3 /* Info.plist */ = {isa = PBXFileReference; lastKnownFileType = text.plist.xml; path = Info.plist; sourceTree = "<group>"; };
		DCD979E2255F2779002E2BD3 /* NSDirectionalEdgeInsets+Extension.swift */ = {isa = PBXFileReference; lastKnownFileType = sourcecode.swift; path = "NSDirectionalEdgeInsets+Extension.swift"; sourceTree = "<group>"; };
		DCD979E6255F2B7B002E2BD3 /* UIColor+Extension.swift */ = {isa = PBXFileReference; lastKnownFileType = sourcecode.swift; path = "UIColor+Extension.swift"; sourceTree = "<group>"; };
		DCD979E9255F2BBF002E2BD3 /* NSCollectionLayoutItem+Extension.swift */ = {isa = PBXFileReference; lastKnownFileType = sourcecode.swift; path = "NSCollectionLayoutItem+Extension.swift"; sourceTree = "<group>"; };
		DCD979ED255F3189002E2BD3 /* ColorCell.swift */ = {isa = PBXFileReference; lastKnownFileType = sourcecode.swift; path = ColorCell.swift; sourceTree = "<group>"; };
		DCD979F1256051C0002E2BD3 /* ListViewController.swift */ = {isa = PBXFileReference; lastKnownFileType = sourcecode.swift; path = ListViewController.swift; sourceTree = "<group>"; };
		DCD979F42560527A002E2BD3 /* NSCollectionLayoutSection+Extension.swift */ = {isa = PBXFileReference; lastKnownFileType = sourcecode.swift; path = "NSCollectionLayoutSection+Extension.swift"; sourceTree = "<group>"; };
		DCD979F825607701002E2BD3 /* ColoredDiffableDatasource.swift */ = {isa = PBXFileReference; lastKnownFileType = sourcecode.swift; path = ColoredDiffableDatasource.swift; sourceTree = "<group>"; };
		DCD979FB256120DF002E2BD3 /* LayoutTypeCell.swift */ = {isa = PBXFileReference; lastKnownFileType = sourcecode.swift; path = LayoutTypeCell.swift; sourceTree = "<group>"; };
		DCD979FC256120DF002E2BD3 /* LayoutTypeCell.xib */ = {isa = PBXFileReference; lastKnownFileType = file.xib; path = LayoutTypeCell.xib; sourceTree = "<group>"; };
		DCD97A0525612204002E2BD3 /* LayoutType.swift */ = {isa = PBXFileReference; lastKnownFileType = sourcecode.swift; path = LayoutType.swift; sourceTree = "<group>"; };
		DCD97A0925612324002E2BD3 /* RoundedCornersCollectionCell.swift */ = {isa = PBXFileReference; lastKnownFileType = sourcecode.swift; path = RoundedCornersCollectionCell.swift; sourceTree = "<group>"; };
		DCF70399259885C800EF12FD /* ItemsDiffableDatasource.swift */ = {isa = PBXFileReference; lastKnownFileType = sourcecode.swift; path = ItemsDiffableDatasource.swift; sourceTree = "<group>"; };
		DCF703A2259A166300EF12FD /* RoundedBackgroundView.swift */ = {isa = PBXFileReference; lastKnownFileType = sourcecode.swift; path = RoundedBackgroundView.swift; sourceTree = "<group>"; };
		DCF703A5259A16C600EF12FD /* BackgroundDecorationViewController.swift */ = {isa = PBXFileReference; lastKnownFileType = sourcecode.swift; path = BackgroundDecorationViewController.swift; sourceTree = "<group>"; };
		DCF703A8259A183F00EF12FD /* ItemCell.swift */ = {isa = PBXFileReference; lastKnownFileType = sourcecode.swift; path = ItemCell.swift; sourceTree = "<group>"; };
/* End PBXFileReference section */

/* Begin PBXFrameworksBuildPhase section */
		DCD979C4255F2252002E2BD3 /* Frameworks */ = {
			isa = PBXFrameworksBuildPhase;
			buildActionMask = 2147483647;
			files = (
			);
			runOnlyForDeploymentPostprocessing = 0;
		};
/* End PBXFrameworksBuildPhase section */

/* Begin PBXGroup section */
		DC054B3C2572F70F00FED77A /* Protocols */ = {
			isa = PBXGroup;
			children = (
				DC054B3D2572F71600FED77A /* CellFromNib.swift */,
				DCC67DB225974EFB00CA71EF /* JokeProtocol.swift */,
				DC30B50B25B36B9D00E5A57F /* InstantiatesFromNib.swift */,
			);
			path = Protocols;
			sourceTree = "<group>";
		};
		DC30B4F625B3225100E5A57F /* Instantgram */ = {
			isa = PBXGroup;
			children = (
				DC30B4F725B3226300E5A57F /* ProfileHeaderCell.swift */,
				DC30B50225B3459800E5A57F /* ProfileHighlightCell.swift */,
				DC30B50825B34F9C00E5A57F /* ProfilePhotosHeaderView.swift */,
				DC30B50E25B36D0C00E5A57F /* ProfilePhotosHeaderView.xib */,
			);
			path = Instantgram;
			sourceTree = "<group>";
		};
		DC30B4FD25B323BD00E5A57F /* Instantgram */ = {
			isa = PBXGroup;
			children = (
				DC30B4FE25B323CA00E5A57F /* ProfileHeaderData.swift */,
				DC30B50525B347AD00E5A57F /* ProfileHighlight.swift */,
				DC30B51425B375FB00E5A57F /* Photo.swift */,
			);
			path = Instantgram;
			sourceTree = "<group>";
		};
		DC86AC5525713E200071B7EA /* Database */ = {
			isa = PBXGroup;
			children = (
				DC86AC5625713E3B0071B7EA /* Database.xcdatamodeld */,
				DC86AC5A257144830071B7EA /* Joke.swift */,
				DC86AC5D257144890071B7EA /* Managed.swift */,
				DC86AC60257145290071B7EA /* Database.swift */,
			);
			path = Database;
			sourceTree = "<group>";
		};
		DC86AC63257145E60071B7EA /* DTO */ = {
			isa = PBXGroup;
			children = (
				DC86AC64257145EC0071B7EA /* JokeDTO.swift */,
			);
			path = DTO;
			sourceTree = "<group>";
		};
		DC86AC68257146040071B7EA /* Networking */ = {
			isa = PBXGroup;
			children = (
				DC054B312572F46300FED77A /* SimpleNetworkHelper.swift */,
			);
			path = Networking;
			sourceTree = "<group>";
		};
		DCD979BE255F2252002E2BD3 = {
			isa = PBXGroup;
			children = (
				DCD979C9255F2252002E2BD3 /* CompositionalDiffablePlayground */,
				DCD979C8255F2252002E2BD3 /* Products */,
			);
			sourceTree = "<group>";
		};
		DCD979C8255F2252002E2BD3 /* Products */ = {
			isa = PBXGroup;
			children = (
				DCD979C7255F2252002E2BD3 /* CompositionalDiffablePlayground.app */,
			);
			name = Products;
			sourceTree = "<group>";
		};
		DCD979C9255F2252002E2BD3 /* CompositionalDiffablePlayground */ = {
			isa = PBXGroup;
			children = (
				DC054B3C2572F70F00FED77A /* Protocols */,
				DC86AC68257146040071B7EA /* Networking */,
				DC86AC5525713E200071B7EA /* Database */,
				DCD97A04256121FA002E2BD3 /* Model */,
				DCD979F7256076F4002E2BD3 /* DataSources */,
				DCD979F0256051B2002E2BD3 /* ViewControllers */,
				DCD979EC255F3177002E2BD3 /* Views */,
				DCD979E1255F276D002E2BD3 /* Extensions */,
				DCD979CA255F2252002E2BD3 /* AppDelegate.swift */,
				DCD979CC255F2252002E2BD3 /* SceneDelegate.swift */,
				DCD979D0255F2252002E2BD3 /* Main.storyboard */,
				DCD979D3255F2254002E2BD3 /* Assets.xcassets */,
				DCD979D5255F2254002E2BD3 /* LaunchScreen.storyboard */,
				DCD979D8255F2254002E2BD3 /* Info.plist */,
				DC30B4F325B3205700E5A57F /* Instantgram.storyboard */,
			);
			path = CompositionalDiffablePlayground;
			sourceTree = "<group>";
		};
		DCD979E1255F276D002E2BD3 /* Extensions */ = {
			isa = PBXGroup;
			children = (
				DCD979E2255F2779002E2BD3 /* NSDirectionalEdgeInsets+Extension.swift */,
				DCD979E6255F2B7B002E2BD3 /* UIColor+Extension.swift */,
				DCD979E9255F2BBF002E2BD3 /* NSCollectionLayoutItem+Extension.swift */,
				DCD979F42560527A002E2BD3 /* NSCollectionLayoutSection+Extension.swift */,
				DCBE48422561253A00341818 /* ColorsSnapshot+Extension.swift */,
				DC59B000256969EE00C5E260 /* UICollectionViewCompositionalLayout+Extension.swift */,
				DCD0DAC0256A671C003BA138 /* UICollectionReusableView+Extension.swift */,
				DC5DB885257D162E00181DCF /* Array+Extension.swift */,
				DC092D6425C572BB0031399B /* UICollectionView+Extension.swift */,
				DC54111925D4604E0023DA2E /* UIDevice+Extension.swift */,
				DC6474E625D6805D002F1AF4 /* NSCollectionLayoutDimension+Extension.swift */,
			);
			path = Extensions;
			sourceTree = "<group>";
		};
		DCD979EC255F3177002E2BD3 /* Views */ = {
			isa = PBXGroup;
			children = (
				DC30B4F625B3225100E5A57F /* Instantgram */,
				DCD979ED255F3189002E2BD3 /* ColorCell.swift */,
				DCD979FB256120DF002E2BD3 /* LayoutTypeCell.swift */,
				DCD979FC256120DF002E2BD3 /* LayoutTypeCell.xib */,
				DCD97A0925612324002E2BD3 /* RoundedCornersCollectionCell.swift */,
				DC4D67BE2564609B00A90329 /* SimpleHeaderView.swift */,
				DCD0DABD256A66D6003BA138 /* SimpleFooterView.swift */,
				DC054B372572F5FE00FED77A /* JokeCell.swift */,
				DC054B382572F5FE00FED77A /* JokeCell.xib */,
				DCF703A2259A166300EF12FD /* RoundedBackgroundView.swift */,
				DCF703A8259A183F00EF12FD /* ItemCell.swift */,
				DC4DA059259DEFDF00EF60A6 /* BadgeView.swift */,
				DC46DCB725A650C200A42634 /* UpdatedInfoView.swift */,
				DC13860325AE3F9700BCAB5E /* LetterCell.swift */,
				DC30B51125B374ED00E5A57F /* ImageViewCell.swift */,
				DC6CC30625CDBAF6001B95E4 /* ActionButtonHeader.swift */,
				DC5410FD25D282A00023DA2E /* StickyHeaderView.swift */,
				DCAB989125E14A39003AF6CD /* PhotoSummaryCell.swift */,
				DCAB989225E14A39003AF6CD /* PhotoSummaryCell.xib */,
				DCAB989625E14E20003AF6CD /* GradientView.swift */,
			);
			path = Views;
			sourceTree = "<group>";
		};
		DCD979F0256051B2002E2BD3 /* ViewControllers */ = {
			isa = PBXGroup;
			children = (
				DCD979CE255F2252002E2BD3 /* ViewController.swift */,
				DCD979F1256051C0002E2BD3 /* ListViewController.swift */,
				DCBE4845256126A200341818 /* SimpleGridViewController.swift */,
				DCBE4848256126D000341818 /* CompositionalCollectionViewViewController.swift */,
				DC4D685C2565A52300A90329 /* LazyGridViewController.swift */,
				DC59B00325696A6900C5E260 /* SystemListViewController.swift */,
				DC054B342572F52C00FED77A /* JokesViewController.swift */,
				DCC67DAF25974A2F00CA71EF /* CellRegistrationViewController.swift */,
				DCF703A5259A16C600EF12FD /* BackgroundDecorationViewController.swift */,
				DC4DA056259DECD500EF60A6 /* BadgesViewController.swift */,
				DC0A6CBD25A0870A00B59501 /* GroupExampleViewController.swift */,
				DC13860625AE403700BCAB5E /* WordsViewController.swift */,
				DC30B4FA25B3238300E5A57F /* InstantgramViewController.swift */,
				DC092D5D25C47C520031399B /* OnboardingLayoutViewController.swift */,
				DC5410FA25D282140023DA2E /* StickyHeadersViewController.swift */,
				DC54111C25D4631F0023DA2E /* ResponsiveLayoutExample.swift */,
				DCAB988E25E12E6F003AF6CD /* PhotosViewController.swift */,
			);
			path = ViewControllers;
			sourceTree = "<group>";
		};
		DCD979F7256076F4002E2BD3 /* DataSources */ = {
			isa = PBXGroup;
			children = (
				DCD979F825607701002E2BD3 /* ColoredDiffableDatasource.swift */,
				DCF70399259885C800EF12FD /* ItemsDiffableDatasource.swift */,
			);
			path = DataSources;
			sourceTree = "<group>";
		};
		DCD97A04256121FA002E2BD3 /* Model */ = {
			isa = PBXGroup;
			children = (
				DC30B4FD25B323BD00E5A57F /* Instantgram */,
				DC86AC63257145E60071B7EA /* DTO */,
				DCD97A0525612204002E2BD3 /* LayoutType.swift */,
				DC1E1442257EBD2F00777498 /* ComplexExample.swift */,
				DC6CC30125CD8EFC001B95E4 /* Color.swift */,
			);
			path = Model;
			sourceTree = "<group>";
		};
/* End PBXGroup section */

/* Begin PBXNativeTarget section */
		DCD979C6255F2252002E2BD3 /* CompositionalDiffablePlayground */ = {
			isa = PBXNativeTarget;
			buildConfigurationList = DCD979DB255F2254002E2BD3 /* Build configuration list for PBXNativeTarget "CompositionalDiffablePlayground" */;
			buildPhases = (
				DCD979C3255F2252002E2BD3 /* Sources */,
				DCD979C4255F2252002E2BD3 /* Frameworks */,
				DCD979C5255F2252002E2BD3 /* Resources */,
			);
			buildRules = (
			);
			dependencies = (
			);
			name = CompositionalDiffablePlayground;
			productName = CompositionalDiffablePlayground;
			productReference = DCD979C7255F2252002E2BD3 /* CompositionalDiffablePlayground.app */;
			productType = "com.apple.product-type.application";
		};
/* End PBXNativeTarget section */

/* Begin PBXProject section */
		DCD979BF255F2252002E2BD3 /* Project object */ = {
			isa = PBXProject;
			attributes = {
				LastSwiftUpdateCheck = 1200;
				LastUpgradeCheck = 1200;
				TargetAttributes = {
					DCD979C6255F2252002E2BD3 = {
						CreatedOnToolsVersion = 12.0.1;
					};
				};
			};
			buildConfigurationList = DCD979C2255F2252002E2BD3 /* Build configuration list for PBXProject "CompositionalDiffablePlayground" */;
			compatibilityVersion = "Xcode 9.3";
			developmentRegion = en;
			hasScannedForEncodings = 0;
			knownRegions = (
				en,
				Base,
			);
			mainGroup = DCD979BE255F2252002E2BD3;
			productRefGroup = DCD979C8255F2252002E2BD3 /* Products */;
			projectDirPath = "";
			projectRoot = "";
			targets = (
				DCD979C6255F2252002E2BD3 /* CompositionalDiffablePlayground */,
			);
		};
/* End PBXProject section */

/* Begin PBXResourcesBuildPhase section */
		DCD979C5255F2252002E2BD3 /* Resources */ = {
			isa = PBXResourcesBuildPhase;
			buildActionMask = 2147483647;
			files = (
				DCD979D7255F2254002E2BD3 /* LaunchScreen.storyboard in Resources */,
				DC054B3A2572F5FE00FED77A /* JokeCell.xib in Resources */,
				DCD979D4255F2254002E2BD3 /* Assets.xcassets in Resources */,
				DC30B50F25B36D0C00E5A57F /* ProfilePhotosHeaderView.xib in Resources */,
				DCD979D2255F2252002E2BD3 /* Main.storyboard in Resources */,
				DCAB989425E14A39003AF6CD /* PhotoSummaryCell.xib in Resources */,
				DCD979FE256120DF002E2BD3 /* LayoutTypeCell.xib in Resources */,
				DC30B4F425B3205700E5A57F /* Instantgram.storyboard in Resources */,
			);
			runOnlyForDeploymentPostprocessing = 0;
		};
/* End PBXResourcesBuildPhase section */

/* Begin PBXSourcesBuildPhase section */
		DCD979C3255F2252002E2BD3 /* Sources */ = {
			isa = PBXSourcesBuildPhase;
			buildActionMask = 2147483647;
			files = (
				DC30B50625B347AD00E5A57F /* ProfileHighlight.swift in Sources */,
				DCD0DAC1256A671C003BA138 /* UICollectionReusableView+Extension.swift in Sources */,
				DCD97A0625612204002E2BD3 /* LayoutType.swift in Sources */,
				DCD979E3255F2779002E2BD3 /* NSDirectionalEdgeInsets+Extension.swift in Sources */,
				DC30B50925B34F9C00E5A57F /* ProfilePhotosHeaderView.swift in Sources */,
				DCF703A3259A166300EF12FD /* RoundedBackgroundView.swift in Sources */,
				DC54111D25D463200023DA2E /* ResponsiveLayoutExample.swift in Sources */,
				DCD979CF255F2252002E2BD3 /* ViewController.swift in Sources */,
				DC86AC5E257144890071B7EA /* Managed.swift in Sources */,
				DC092D6525C572BB0031399B /* UICollectionView+Extension.swift in Sources */,
				DCBE48432561253A00341818 /* ColorsSnapshot+Extension.swift in Sources */,
				DCF7039A259885C800EF12FD /* ItemsDiffableDatasource.swift in Sources */,
				DC6CC30225CD8EFC001B95E4 /* Color.swift in Sources */,
				DC4D67BF2564609B00A90329 /* SimpleHeaderView.swift in Sources */,
				DCAB989325E14A39003AF6CD /* PhotoSummaryCell.swift in Sources */,
				DCC67DB025974A2F00CA71EF /* CellRegistrationViewController.swift in Sources */,
				DC30B4F825B3226300E5A57F /* ProfileHeaderCell.swift in Sources */,
				DC59B00425696A6900C5E260 /* SystemListViewController.swift in Sources */,
				DC13860425AE3F9700BCAB5E /* LetterCell.swift in Sources */,
				DCC67DB325974EFB00CA71EF /* JokeProtocol.swift in Sources */,
				DC054B322572F46300FED77A /* SimpleNetworkHelper.swift in Sources */,
				DC86AC65257145EC0071B7EA /* JokeDTO.swift in Sources */,
				DC054B3E2572F71600FED77A /* CellFromNib.swift in Sources */,
				DC59B001256969EE00C5E260 /* UICollectionViewCompositionalLayout+Extension.swift in Sources */,
				DC4DA05A259DEFDF00EF60A6 /* BadgeView.swift in Sources */,
				DCF703A6259A16C600EF12FD /* BackgroundDecorationViewController.swift in Sources */,
				DCD979EE255F3189002E2BD3 /* ColorCell.swift in Sources */,
				DCD979CB255F2252002E2BD3 /* AppDelegate.swift in Sources */,
				DC30B4FF25B323CA00E5A57F /* ProfileHeaderData.swift in Sources */,
				DC1E1443257EBD2F00777498 /* ComplexExample.swift in Sources */,
				DCBE4849256126D000341818 /* CompositionalCollectionViewViewController.swift in Sources */,
				DC092D5E25C47C520031399B /* OnboardingLayoutViewController.swift in Sources */,
				DC54111A25D4604E0023DA2E /* UIDevice+Extension.swift in Sources */,
				DCD97A0A25612324002E2BD3 /* RoundedCornersCollectionCell.swift in Sources */,
				DC86AC5825713E3B0071B7EA /* Database.xcdatamodeld in Sources */,
				DCBE4846256126A200341818 /* SimpleGridViewController.swift in Sources */,
				DC30B51525B375FB00E5A57F /* Photo.swift in Sources */,
				DC86AC5B257144830071B7EA /* Joke.swift in Sources */,
				DC13860725AE403700BCAB5E /* WordsViewController.swift in Sources */,
				DC6CC30725CDBAF6001B95E4 /* ActionButtonHeader.swift in Sources */,
				DC4D685D2565A52300A90329 /* LazyGridViewController.swift in Sources */,
				DC30B4FB25B3238300E5A57F /* InstantgramViewController.swift in Sources */,
				DCF703A9259A183F00EF12FD /* ItemCell.swift in Sources */,
				DC5410FE25D282A00023DA2E /* StickyHeaderView.swift in Sources */,
				DCD979F925607701002E2BD3 /* ColoredDiffableDatasource.swift in Sources */,
				DC30B50C25B36B9D00E5A57F /* InstantiatesFromNib.swift in Sources */,
				DCAB989725E14E21003AF6CD /* GradientView.swift in Sources */,
				DC30B50325B3459800E5A57F /* ProfileHighlightCell.swift in Sources */,
				DCD979CD255F2252002E2BD3 /* SceneDelegate.swift in Sources */,
				DC0A6CBE25A0870A00B59501 /* GroupExampleViewController.swift in Sources */,
				DCD979E7255F2B7B002E2BD3 /* UIColor+Extension.swift in Sources */,
				DCAB988F25E12E6F003AF6CD /* PhotosViewController.swift in Sources */,
				DC5410FB25D282140023DA2E /* StickyHeadersViewController.swift in Sources */,
				DC5DB886257D162E00181DCF /* Array+Extension.swift in Sources */,
				DC46DCB825A650C200A42634 /* UpdatedInfoView.swift in Sources */,
				DCD979F52560527A002E2BD3 /* NSCollectionLayoutSection+Extension.swift in Sources */,
				DC30B51225B374ED00E5A57F /* ImageViewCell.swift in Sources */,
				DCD979F2256051C0002E2BD3 /* ListViewController.swift in Sources */,
				DCD979FD256120DF002E2BD3 /* LayoutTypeCell.swift in Sources */,
				DC4DA057259DECD500EF60A6 /* BadgesViewController.swift in Sources */,
				DC6474E725D6805D002F1AF4 /* NSCollectionLayoutDimension+Extension.swift in Sources */,
				DCD979EA255F2BBF002E2BD3 /* NSCollectionLayoutItem+Extension.swift in Sources */,
				DC054B392572F5FE00FED77A /* JokeCell.swift in Sources */,
				DC86AC61257145290071B7EA /* Database.swift in Sources */,
				DC054B352572F52C00FED77A /* JokesViewController.swift in Sources */,
				DCD0DABE256A66D6003BA138 /* SimpleFooterView.swift in Sources */,
			);
			runOnlyForDeploymentPostprocessing = 0;
		};
/* End PBXSourcesBuildPhase section */

/* Begin PBXVariantGroup section */
		DCD979D0255F2252002E2BD3 /* Main.storyboard */ = {
			isa = PBXVariantGroup;
			children = (
				DCD979D1255F2252002E2BD3 /* Base */,
			);
			name = Main.storyboard;
			sourceTree = "<group>";
		};
		DCD979D5255F2254002E2BD3 /* LaunchScreen.storyboard */ = {
			isa = PBXVariantGroup;
			children = (
				DCD979D6255F2254002E2BD3 /* Base */,
			);
			name = LaunchScreen.storyboard;
			sourceTree = "<group>";
		};
/* End PBXVariantGroup section */

/* Begin XCBuildConfiguration section */
		DCD979D9255F2254002E2BD3 /* Debug */ = {
			isa = XCBuildConfiguration;
			buildSettings = {
				ALWAYS_SEARCH_USER_PATHS = NO;
				CLANG_ANALYZER_NONNULL = YES;
				CLANG_ANALYZER_NUMBER_OBJECT_CONVERSION = YES_AGGRESSIVE;
				CLANG_CXX_LANGUAGE_STANDARD = "gnu++14";
				CLANG_CXX_LIBRARY = "libc++";
				CLANG_ENABLE_MODULES = YES;
				CLANG_ENABLE_OBJC_ARC = YES;
				CLANG_ENABLE_OBJC_WEAK = YES;
				CLANG_WARN_BLOCK_CAPTURE_AUTORELEASING = YES;
				CLANG_WARN_BOOL_CONVERSION = YES;
				CLANG_WARN_COMMA = YES;
				CLANG_WARN_CONSTANT_CONVERSION = YES;
				CLANG_WARN_DEPRECATED_OBJC_IMPLEMENTATIONS = YES;
				CLANG_WARN_DIRECT_OBJC_ISA_USAGE = YES_ERROR;
				CLANG_WARN_DOCUMENTATION_COMMENTS = YES;
				CLANG_WARN_EMPTY_BODY = YES;
				CLANG_WARN_ENUM_CONVERSION = YES;
				CLANG_WARN_INFINITE_RECURSION = YES;
				CLANG_WARN_INT_CONVERSION = YES;
				CLANG_WARN_NON_LITERAL_NULL_CONVERSION = YES;
				CLANG_WARN_OBJC_IMPLICIT_RETAIN_SELF = YES;
				CLANG_WARN_OBJC_LITERAL_CONVERSION = YES;
				CLANG_WARN_OBJC_ROOT_CLASS = YES_ERROR;
				CLANG_WARN_QUOTED_INCLUDE_IN_FRAMEWORK_HEADER = YES;
				CLANG_WARN_RANGE_LOOP_ANALYSIS = YES;
				CLANG_WARN_STRICT_PROTOTYPES = YES;
				CLANG_WARN_SUSPICIOUS_MOVE = YES;
				CLANG_WARN_UNGUARDED_AVAILABILITY = YES_AGGRESSIVE;
				CLANG_WARN_UNREACHABLE_CODE = YES;
				CLANG_WARN__DUPLICATE_METHOD_MATCH = YES;
				COPY_PHASE_STRIP = NO;
				DEBUG_INFORMATION_FORMAT = dwarf;
				ENABLE_STRICT_OBJC_MSGSEND = YES;
				ENABLE_TESTABILITY = YES;
				GCC_C_LANGUAGE_STANDARD = gnu11;
				GCC_DYNAMIC_NO_PIC = NO;
				GCC_NO_COMMON_BLOCKS = YES;
				GCC_OPTIMIZATION_LEVEL = 0;
				GCC_PREPROCESSOR_DEFINITIONS = (
					"DEBUG=1",
					"$(inherited)",
				);
				GCC_WARN_64_TO_32_BIT_CONVERSION = YES;
				GCC_WARN_ABOUT_RETURN_TYPE = YES_ERROR;
				GCC_WARN_UNDECLARED_SELECTOR = YES;
				GCC_WARN_UNINITIALIZED_AUTOS = YES_AGGRESSIVE;
				GCC_WARN_UNUSED_FUNCTION = YES;
				GCC_WARN_UNUSED_VARIABLE = YES;
				IPHONEOS_DEPLOYMENT_TARGET = 14.0;
				MTL_ENABLE_DEBUG_INFO = INCLUDE_SOURCE;
				MTL_FAST_MATH = YES;
				ONLY_ACTIVE_ARCH = YES;
				SDKROOT = iphoneos;
				SWIFT_ACTIVE_COMPILATION_CONDITIONS = DEBUG;
				SWIFT_OPTIMIZATION_LEVEL = "-Onone";
			};
			name = Debug;
		};
		DCD979DA255F2254002E2BD3 /* Release */ = {
			isa = XCBuildConfiguration;
			buildSettings = {
				ALWAYS_SEARCH_USER_PATHS = NO;
				CLANG_ANALYZER_NONNULL = YES;
				CLANG_ANALYZER_NUMBER_OBJECT_CONVERSION = YES_AGGRESSIVE;
				CLANG_CXX_LANGUAGE_STANDARD = "gnu++14";
				CLANG_CXX_LIBRARY = "libc++";
				CLANG_ENABLE_MODULES = YES;
				CLANG_ENABLE_OBJC_ARC = YES;
				CLANG_ENABLE_OBJC_WEAK = YES;
				CLANG_WARN_BLOCK_CAPTURE_AUTORELEASING = YES;
				CLANG_WARN_BOOL_CONVERSION = YES;
				CLANG_WARN_COMMA = YES;
				CLANG_WARN_CONSTANT_CONVERSION = YES;
				CLANG_WARN_DEPRECATED_OBJC_IMPLEMENTATIONS = YES;
				CLANG_WARN_DIRECT_OBJC_ISA_USAGE = YES_ERROR;
				CLANG_WARN_DOCUMENTATION_COMMENTS = YES;
				CLANG_WARN_EMPTY_BODY = YES;
				CLANG_WARN_ENUM_CONVERSION = YES;
				CLANG_WARN_INFINITE_RECURSION = YES;
				CLANG_WARN_INT_CONVERSION = YES;
				CLANG_WARN_NON_LITERAL_NULL_CONVERSION = YES;
				CLANG_WARN_OBJC_IMPLICIT_RETAIN_SELF = YES;
				CLANG_WARN_OBJC_LITERAL_CONVERSION = YES;
				CLANG_WARN_OBJC_ROOT_CLASS = YES_ERROR;
				CLANG_WARN_QUOTED_INCLUDE_IN_FRAMEWORK_HEADER = YES;
				CLANG_WARN_RANGE_LOOP_ANALYSIS = YES;
				CLANG_WARN_STRICT_PROTOTYPES = YES;
				CLANG_WARN_SUSPICIOUS_MOVE = YES;
				CLANG_WARN_UNGUARDED_AVAILABILITY = YES_AGGRESSIVE;
				CLANG_WARN_UNREACHABLE_CODE = YES;
				CLANG_WARN__DUPLICATE_METHOD_MATCH = YES;
				COPY_PHASE_STRIP = NO;
				DEBUG_INFORMATION_FORMAT = "dwarf-with-dsym";
				ENABLE_NS_ASSERTIONS = NO;
				ENABLE_STRICT_OBJC_MSGSEND = YES;
				GCC_C_LANGUAGE_STANDARD = gnu11;
				GCC_NO_COMMON_BLOCKS = YES;
				GCC_WARN_64_TO_32_BIT_CONVERSION = YES;
				GCC_WARN_ABOUT_RETURN_TYPE = YES_ERROR;
				GCC_WARN_UNDECLARED_SELECTOR = YES;
				GCC_WARN_UNINITIALIZED_AUTOS = YES_AGGRESSIVE;
				GCC_WARN_UNUSED_FUNCTION = YES;
				GCC_WARN_UNUSED_VARIABLE = YES;
				IPHONEOS_DEPLOYMENT_TARGET = 14.0;
				MTL_ENABLE_DEBUG_INFO = NO;
				MTL_FAST_MATH = YES;
				SDKROOT = iphoneos;
				SWIFT_COMPILATION_MODE = wholemodule;
				SWIFT_OPTIMIZATION_LEVEL = "-O";
				VALIDATE_PRODUCT = YES;
			};
			name = Release;
		};
		DCD979DC255F2254002E2BD3 /* Debug */ = {
			isa = XCBuildConfiguration;
			buildSettings = {
				ASSETCATALOG_COMPILER_APPICON_NAME = AppIcon;
				ASSETCATALOG_COMPILER_GLOBAL_ACCENT_COLOR_NAME = AccentColor;
				CODE_SIGN_STYLE = Automatic;
				DEVELOPMENT_TEAM = S793P9ET2W;
				INFOPLIST_FILE = CompositionalDiffablePlayground/Info.plist;
				IPHONEOS_DEPLOYMENT_TARGET = 13.0;
				LD_RUNPATH_SEARCH_PATHS = (
					"$(inherited)",
					"@executable_path/Frameworks",
				);
				PRODUCT_BUNDLE_IDENTIFIER = FN.CompositionalDiffablePlayground;
				PRODUCT_NAME = "$(TARGET_NAME)";
				SWIFT_VERSION = 5.0;
				TARGETED_DEVICE_FAMILY = "1,2";
			};
			name = Debug;
		};
		DCD979DD255F2254002E2BD3 /* Release */ = {
			isa = XCBuildConfiguration;
			buildSettings = {
				ASSETCATALOG_COMPILER_APPICON_NAME = AppIcon;
				ASSETCATALOG_COMPILER_GLOBAL_ACCENT_COLOR_NAME = AccentColor;
				CODE_SIGN_STYLE = Automatic;
				DEVELOPMENT_TEAM = S793P9ET2W;
				INFOPLIST_FILE = CompositionalDiffablePlayground/Info.plist;
				IPHONEOS_DEPLOYMENT_TARGET = 13.0;
				LD_RUNPATH_SEARCH_PATHS = (
					"$(inherited)",
					"@executable_path/Frameworks",
				);
				PRODUCT_BUNDLE_IDENTIFIER = FN.CompositionalDiffablePlayground;
				PRODUCT_NAME = "$(TARGET_NAME)";
				SWIFT_VERSION = 5.0;
				TARGETED_DEVICE_FAMILY = "1,2";
			};
			name = Release;
		};
/* End XCBuildConfiguration section */

/* Begin XCConfigurationList section */
		DCD979C2255F2252002E2BD3 /* Build configuration list for PBXProject "CompositionalDiffablePlayground" */ = {
			isa = XCConfigurationList;
			buildConfigurations = (
				DCD979D9255F2254002E2BD3 /* Debug */,
				DCD979DA255F2254002E2BD3 /* Release */,
			);
			defaultConfigurationIsVisible = 0;
			defaultConfigurationName = Release;
		};
		DCD979DB255F2254002E2BD3 /* Build configuration list for PBXNativeTarget "CompositionalDiffablePlayground" */ = {
			isa = XCConfigurationList;
			buildConfigurations = (
				DCD979DC255F2254002E2BD3 /* Debug */,
				DCD979DD255F2254002E2BD3 /* Release */,
			);
			defaultConfigurationIsVisible = 0;
			defaultConfigurationName = Release;
		};
/* End XCConfigurationList section */

/* Begin XCVersionGroup section */
		DC86AC5625713E3B0071B7EA /* Database.xcdatamodeld */ = {
			isa = XCVersionGroup;
			children = (
				DC86AC5725713E3B0071B7EA /* Database.xcdatamodel */,
			);
			currentVersion = DC86AC5725713E3B0071B7EA /* Database.xcdatamodel */;
			path = Database.xcdatamodeld;
			sourceTree = "<group>";
			versionGroupType = wrapper.xcdatamodel;
		};
/* End XCVersionGroup section */
	};
	rootObject = DCD979BF255F2252002E2BD3 /* Project object */;
}
